
Microsoft Visual Studio Solution File, Format Version 12.00
# Visual Studio Version 17
VisualStudioVersion = 17.12.35707.178
MinimumVisualStudioVersion = 10.0.40219.1
Project("{FAE04EC0-301F-11D3-BF4B-00C04F79EFBC}") = "TitanicML", "TitanicML.csproj", "{59382722-D6CD-4578-89C4-50FCC824A443}"
EndProject
Project("{FAE04EC0-301F-11D3-BF4B-00C04F79EFBC}") = "TitanicModel_mbconfig_ConsoleApp1", "..\TitanicModel_mbconfig_ConsoleApp1\TitanicModel_mbconfig_ConsoleApp1.csproj", "{EF0122B9-B46C-42F1-9CFD-96F33BC72821}"
EndProject
Global
	GlobalSection(SolutionConfigurationPlatforms) = preSolution
		Debug|Any CPU = Debug|Any CPU
		Release|Any CPU = Release|Any CPU
	EndGlobalSection
	GlobalSection(ProjectConfigurationPlatforms) = postSolution
		{59382722-D6CD-4578-89C4-50FCC824A443}.Debug|Any CPU.ActiveCfg = Debug|Any CPU
		{59382722-D6CD-4578-89C4-50FCC824A443}.Debug|Any CPU.Build.0 = Debug|Any CPU
		{59382722-D6CD-4578-89C4-50FCC824A443}.Release|Any CPU.ActiveCfg = Release|Any CPU
		{59382722-D6CD-4578-89C4-50FCC824A443}.Release|Any CPU.Build.0 = Release|Any CPU
		{EF0122B9-B46C-42F1-9CFD-96F33BC72821}.Debug|Any CPU.ActiveCfg = Debug|Any CPU
		{EF0122B9-B46C-42F1-9CFD-96F33BC72821}.Debug|Any CPU.Build.0 = Debug|Any CPU
		{EF0122B9-B46C-42F1-9CFD-96F33BC72821}.Release|Any CPU.ActiveCfg = Release|Any CPU
		{EF0122B9-B46C-42F1-9CFD-96F33BC72821}.Release|Any CPU.Build.0 = Release|Any CPU
	EndGlobalSection
	GlobalSection(SolutionProperties) = preSolution
		HideSolutionNode = FALSE
	EndGlobalSection
EndGlobal
